
Microsoft Visual Studio Solution File, Format Version 12.00
# Visual Studio Version 16
VisualStudioVersion = 16.0.30204.135
MinimumVisualStudioVersion = 10.0.40219.1
Project("{FAE04EC0-301F-11D3-BF4B-00C04F79EFBC}") = "Whizbang.EventStore.Sqlite", "Whizbang.EventStore.Sqlite\Whizbang.EventStore.Sqlite.csproj", "{B1CFF8A8-9E36-455F-9965-69AE6E5BAC50}"
EndProject
Global
	GlobalSection(SolutionConfigurationPlatforms) = preSolution
		Debug|Any CPU = Debug|Any CPU
		Release|Any CPU = Release|Any CPU
	EndGlobalSection
	GlobalSection(ProjectConfigurationPlatforms) = postSolution
		{B1CFF8A8-9E36-455F-9965-69AE6E5BAC50}.Debug|Any CPU.ActiveCfg = Debug|Any CPU
		{B1CFF8A8-9E36-455F-9965-69AE6E5BAC50}.Debug|Any CPU.Build.0 = Debug|Any CPU
		{B1CFF8A8-9E36-455F-9965-69AE6E5BAC50}.Release|Any CPU.ActiveCfg = Release|Any CPU
		{B1CFF8A8-9E36-455F-9965-69AE6E5BAC50}.Release|Any CPU.Build.0 = Release|Any CPU
	EndGlobalSection
	GlobalSection(SolutionProperties) = preSolution
		HideSolutionNode = FALSE
	EndGlobalSection
	GlobalSection(ExtensibilityGlobals) = postSolution
		SolutionGuid = {38FA64A0-FF14-4513-8C25-E37948F0F587}
	EndGlobalSection
EndGlobal
